
Microsoft Visual Studio Solution File, Format Version 12.00
# Visual Studio Version 16
VisualStudioVersion = 16.0.30611.23
MinimumVisualStudioVersion = 10.0.40219.1
Project("{FAE04EC0-301F-11D3-BF4B-00C04F79EFBC}") = "ProgProject", "ProgProject.csproj", "{7EE19BE0-50C1-4D68-B047-67468A5E3A9F}"
EndProject
Global
	GlobalSection(SolutionConfigurationPlatforms) = preSolution
		Debug|Any CPU = Debug|Any CPU
		Release|Any CPU = Release|Any CPU
	EndGlobalSection
	GlobalSection(ProjectConfigurationPlatforms) = postSolution
		{7EE19BE0-50C1-4D68-B047-67468A5E3A9F}.Debug|Any CPU.ActiveCfg = Debug|Any CPU
		{7EE19BE0-50C1-4D68-B047-67468A5E3A9F}.Debug|Any CPU.Build.0 = Debug|Any CPU
		{7EE19BE0-50C1-4D68-B047-67468A5E3A9F}.Release|Any CPU.ActiveCfg = Release|Any CPU
		{7EE19BE0-50C1-4D68-B047-67468A5E3A9F}.Release|Any CPU.Build.0 = Release|Any CPU
	EndGlobalSection
	GlobalSection(SolutionProperties) = preSolution
		HideSolutionNode = FALSE
	EndGlobalSection
	GlobalSection(ExtensibilityGlobals) = postSolution
		SolutionGuid = {5C0F6071-2253-4B4C-98F5-C66B74D5D909}
	EndGlobalSection
EndGlobal
